
Microsoft Visual Studio Solution File, Format Version 12.00
# Visual Studio 15
VisualStudioVersion = 15.0.27130.2027
MinimumVisualStudioVersion = 10.0.40219.1
Project("{FAE04EC0-301F-11D3-BF4B-00C04F79EFBC}") = "MapInfo", "MapInfo\MapInfo.csproj", "{BA902FEE-CF75-4CD4-B367-753BC89A9506}"
EndProject
Global
	GlobalSection(SolutionConfigurationPlatforms) = preSolution
		Debug|Any CPU = Debug|Any CPU
		Release|Any CPU = Release|Any CPU
	EndGlobalSection
	GlobalSection(ProjectConfigurationPlatforms) = postSolution
		{BA902FEE-CF75-4CD4-B367-753BC89A9506}.Debug|Any CPU.ActiveCfg = Debug|Any CPU
		{BA902FEE-CF75-4CD4-B367-753BC89A9506}.Debug|Any CPU.Build.0 = Debug|Any CPU
		{BA902FEE-CF75-4CD4-B367-753BC89A9506}.Release|Any CPU.ActiveCfg = Release|Any CPU
		{BA902FEE-CF75-4CD4-B367-753BC89A9506}.Release|Any CPU.Build.0 = Release|Any CPU
	EndGlobalSection
	GlobalSection(SolutionProperties) = preSolution
		HideSolutionNode = FALSE
	EndGlobalSection
	GlobalSection(ExtensibilityGlobals) = postSolution
		SolutionGuid = {06A81E8D-BF60-4FAB-B8C5-ECC63980A08C}
	EndGlobalSection
EndGlobal
